
Microsoft Visual Studio Solution File, Format Version 12.00
# Visual Studio Version 17
VisualStudioVersion = 17.4.33103.184
MinimumVisualStudioVersion = 10.0.40219.1
Project("{8BC9CEB8-8B4A-11D0-8D11-00A0C91BC942}") = "CLR", "CLR.vcxproj", "{F68A742D-5888-480B-AF09-E471116923DF}"
EndProject
Project("{8BC9CEB8-8B4A-11D0-8D11-00A0C91BC942}") = "UnitTest", "UnitTest\UnitTest.vcxproj", "{F1E6C7A2-4E88-4B4E-997D-5DA9E8A24F2A}"
EndProject
Project("{8BC9CEB8-8B4A-11D0-8D11-00A0C91BC942}") = "CLRDesktop", "CLRDesktop\CLRDesktop.vcxproj", "{01354AED-6275-4048-AD59-FFF170DE7CB2}"
EndProject
Global
	GlobalSection(SolutionConfigurationPlatforms) = preSolution
		Debug|ARM = Debug|ARM
		Debug|ARM64 = Debug|ARM64
		Debug|Gaming.Desktop.x64 = Debug|Gaming.Desktop.x64
		Debug|x64 = Debug|x64
		Debug|x86 = Debug|x86
		Profile|ARM = Profile|ARM
		Profile|ARM64 = Profile|ARM64
		Profile|Gaming.Desktop.x64 = Profile|Gaming.Desktop.x64
		Profile|x64 = Profile|x64
		Profile|x86 = Profile|x86
		Release|ARM = Release|ARM
		Release|ARM64 = Release|ARM64
		Release|Gaming.Desktop.x64 = Release|Gaming.Desktop.x64
		Release|x64 = Release|x64
		Release|x86 = Release|x86
	EndGlobalSection
	GlobalSection(ProjectConfigurationPlatforms) = postSolution
		{F68A742D-5888-480B-AF09-E471116923DF}.Debug|ARM.ActiveCfg = Debug|ARM
		{F68A742D-5888-480B-AF09-E471116923DF}.Debug|ARM.Build.0 = Debug|ARM
		{F68A742D-5888-480B-AF09-E471116923DF}.Debug|ARM.Deploy.0 = Debug|ARM
		{F68A742D-5888-480B-AF09-E471116923DF}.Debug|ARM64.ActiveCfg = Debug|ARM64
		{F68A742D-5888-480B-AF09-E471116923DF}.Debug|ARM64.Build.0 = Debug|ARM64
		{F68A742D-5888-480B-AF09-E471116923DF}.Debug|ARM64.Deploy.0 = Debug|ARM64
		{F68A742D-5888-480B-AF09-E471116923DF}.Debug|Gaming.Desktop.x64.ActiveCfg = Debug|x64
		{F68A742D-5888-480B-AF09-E471116923DF}.Debug|Gaming.Desktop.x64.Build.0 = Debug|x64
		{F68A742D-5888-480B-AF09-E471116923DF}.Debug|Gaming.Desktop.x64.Deploy.0 = Debug|x64
		{F68A742D-5888-480B-AF09-E471116923DF}.Debug|x64.ActiveCfg = Debug|x64
		{F68A742D-5888-480B-AF09-E471116923DF}.Debug|x86.ActiveCfg = Debug|Win32
		{F68A742D-5888-480B-AF09-E471116923DF}.Debug|x86.Build.0 = Debug|Win32
		{F68A742D-5888-480B-AF09-E471116923DF}.Debug|x86.Deploy.0 = Debug|Win32
		{F68A742D-5888-480B-AF09-E471116923DF}.Profile|ARM.ActiveCfg = Release|ARM
		{F68A742D-5888-480B-AF09-E471116923DF}.Profile|ARM.Build.0 = Release|ARM
		{F68A742D-5888-480B-AF09-E471116923DF}.Profile|ARM.Deploy.0 = Release|ARM
		{F68A742D-5888-480B-AF09-E471116923DF}.Profile|ARM64.ActiveCfg = Release|ARM64
		{F68A742D-5888-480B-AF09-E471116923DF}.Profile|ARM64.Build.0 = Release|ARM64
		{F68A742D-5888-480B-AF09-E471116923DF}.Profile|ARM64.Deploy.0 = Release|ARM64
		{F68A742D-5888-480B-AF09-E471116923DF}.Profile|Gaming.Desktop.x64.ActiveCfg = Release|x64
		{F68A742D-5888-480B-AF09-E471116923DF}.Profile|Gaming.Desktop.x64.Build.0 = Release|x64
		{F68A742D-5888-480B-AF09-E471116923DF}.Profile|Gaming.Desktop.x64.Deploy.0 = Release|x64
		{F68A742D-5888-480B-AF09-E471116923DF}.Profile|x64.ActiveCfg = Release|x64
		{F68A742D-5888-480B-AF09-E471116923DF}.Profile|x64.Build.0 = Release|x64
		{F68A742D-5888-480B-AF09-E471116923DF}.Profile|x64.Deploy.0 = Release|x64
		{F68A742D-5888-480B-AF09-E471116923DF}.Profile|x86.ActiveCfg = Release|Win32
		{F68A742D-5888-480B-AF09-E471116923DF}.Profile|x86.Build.0 = Release|Win32
		{F68A742D-5888-480B-AF09-E471116923DF}.Profile|x86.Deploy.0 = Release|Win32
		{F68A742D-5888-480B-AF09-E471116923DF}.Release|ARM.ActiveCfg = Release|ARM
		{F68A742D-5888-480B-AF09-E471116923DF}.Release|ARM.Build.0 = Release|ARM
		{F68A742D-5888-480B-AF09-E471116923DF}.Release|ARM.Deploy.0 = Release|ARM
		{F68A742D-5888-480B-AF09-E471116923DF}.Release|ARM64.ActiveCfg = Release|ARM64
		{F68A742D-5888-480B-AF09-E471116923DF}.Release|ARM64.Build.0 = Release|ARM64
		{F68A742D-5888-480B-AF09-E471116923DF}.Release|ARM64.Deploy.0 = Release|ARM64
		{F68A742D-5888-480B-AF09-E471116923DF}.Release|Gaming.Desktop.x64.ActiveCfg = Release|x64
		{F68A742D-5888-480B-AF09-E471116923DF}.Release|Gaming.Desktop.x64.Build.0 = Release|x64
		{F68A742D-5888-480B-AF09-E471116923DF}.Release|Gaming.Desktop.x64.Deploy.0 = Release|x64
		{F68A742D-5888-480B-AF09-E471116923DF}.Release|x64.ActiveCfg = Release|x64
		{F68A742D-5888-480B-AF09-E471116923DF}.Release|x64.Build.0 = Release|x64
		{F68A742D-5888-480B-AF09-E471116923DF}.Release|x64.Deploy.0 = Release|x64
		{F68A742D-5888-480B-AF09-E471116923DF}.Release|x86.ActiveCfg = Release|Win32
		{F68A742D-5888-480B-AF09-E471116923DF}.Release|x86.Build.0 = Release|Win32
		{F68A742D-5888-480B-AF09-E471116923DF}.Release|x86.Deploy.0 = Release|Win32
		{F1E6C7A2-4E88-4B4E-997D-5DA9E8A24F2A}.Debug|ARM.ActiveCfg = Debug|x64
		{F1E6C7A2-4E88-4B4E-997D-5DA9E8A24F2A}.Debug|ARM.Build.0 = Debug|x64
		{F1E6C7A2-4E88-4B4E-997D-5DA9E8A24F2A}.Debug|ARM64.ActiveCfg = Debug|x64
		{F1E6C7A2-4E88-4B4E-997D-5DA9E8A24F2A}.Debug|ARM64.Build.0 = Debug|x64
		{F1E6C7A2-4E88-4B4E-997D-5DA9E8A24F2A}.Debug|Gaming.Desktop.x64.ActiveCfg = Debug|x64
		{F1E6C7A2-4E88-4B4E-997D-5DA9E8A24F2A}.Debug|Gaming.Desktop.x64.Build.0 = Debug|x64
		{F1E6C7A2-4E88-4B4E-997D-5DA9E8A24F2A}.Debug|x64.ActiveCfg = Debug|x64
		{F1E6C7A2-4E88-4B4E-997D-5DA9E8A24F2A}.Debug|x64.Build.0 = Debug|x64
		{F1E6C7A2-4E88-4B4E-997D-5DA9E8A24F2A}.Debug|x86.ActiveCfg = Debug|Win32
		{F1E6C7A2-4E88-4B4E-997D-5DA9E8A24F2A}.Debug|x86.Build.0 = Debug|Win32
		{F1E6C7A2-4E88-4B4E-997D-5DA9E8A24F2A}.Profile|ARM.ActiveCfg = Release|x64
		{F1E6C7A2-4E88-4B4E-997D-5DA9E8A24F2A}.Profile|ARM.Build.0 = Release|x64
		{F1E6C7A2-4E88-4B4E-997D-5DA9E8A24F2A}.Profile|ARM64.ActiveCfg = Release|x64
		{F1E6C7A2-4E88-4B4E-997D-5DA9E8A24F2A}.Profile|ARM64.Build.0 = Release|x64
		{F1E6C7A2-4E88-4B4E-997D-5DA9E8A24F2A}.Profile|Gaming.Desktop.x64.ActiveCfg = Release|x64
		{F1E6C7A2-4E88-4B4E-997D-5DA9E8A24F2A}.Profile|Gaming.Desktop.x64.Build.0 = Release|x64
		{F1E6C7A2-4E88-4B4E-997D-5DA9E8A24F2A}.Profile|x64.ActiveCfg = Release|x64
		{F1E6C7A2-4E88-4B4E-997D-5DA9E8A24F2A}.Profile|x64.Build.0 = Release|x64
		{F1E6C7A2-4E88-4B4E-997D-5DA9E8A24F2A}.Profile|x86.ActiveCfg = Release|Win32
		{F1E6C7A2-4E88-4B4E-997D-5DA9E8A24F2A}.Profile|x86.Build.0 = Release|Win32
		{F1E6C7A2-4E88-4B4E-997D-5DA9E8A24F2A}.Release|ARM.ActiveCfg = Release|x64
		{F1E6C7A2-4E88-4B4E-997D-5DA9E8A24F2A}.Release|ARM.Build.0 = Release|x64
		{F1E6C7A2-4E88-4B4E-997D-5DA9E8A24F2A}.Release|ARM64.ActiveCfg = Release|x64
		{F1E6C7A2-4E88-4B4E-997D-5DA9E8A24F2A}.Release|ARM64.Build.0 = Release|x64
		{F1E6C7A2-4E88-4B4E-997D-5DA9E8A24F2A}.Release|Gaming.Desktop.x64.ActiveCfg = Release|x64
		{F1E6C7A2-4E88-4B4E-997D-5DA9E8A24F2A}.Release|Gaming.Desktop.x64.Build.0 = Release|x64
		{F1E6C7A2-4E88-4B4E-997D-5DA9E8A24F2A}.Release|x64.ActiveCfg = Release|x64
		{F1E6C7A2-4E88-4B4E-997D-5DA9E8A24F2A}.Release|x64.Build.0 = Release|x64
		{F1E6C7A2-4E88-4B4E-997D-5DA9E8A24F2A}.Release|x86.ActiveCfg = Release|Win32
		{F1E6C7A2-4E88-4B4E-997D-5DA9E8A24F2A}.Release|x86.Build.0 = Release|Win32
		{01354AED-6275-4048-AD59-FFF170DE7CB2}.Debug|ARM.ActiveCfg = Debug|Gaming.Desktop.x64
		{01354AED-6275-4048-AD59-FFF170DE7CB2}.Debug|ARM.Build.0 = Debug|Gaming.Desktop.x64
		{01354AED-6275-4048-AD59-FFF170DE7CB2}.Debug|ARM64.ActiveCfg = Debug|Gaming.Desktop.x64
		{01354AED-6275-4048-AD59-FFF170DE7CB2}.Debug|ARM64.Build.0 = Debug|Gaming.Desktop.x64
		{01354AED-6275-4048-AD59-FFF170DE7CB2}.Debug|Gaming.Desktop.x64.ActiveCfg = Debug|Gaming.Desktop.x64
		{01354AED-6275-4048-AD59-FFF170DE7CB2}.Debug|Gaming.Desktop.x64.Build.0 = Debug|Gaming.Desktop.x64
		{01354AED-6275-4048-AD59-FFF170DE7CB2}.Debug|x64.ActiveCfg = Debug|Gaming.Desktop.x64
		{01354AED-6275-4048-AD59-FFF170DE7CB2}.Debug|x64.Build.0 = Debug|Gaming.Desktop.x64
		{01354AED-6275-4048-AD59-FFF170DE7CB2}.Debug|x86.ActiveCfg = Debug|Gaming.Desktop.x64
		{01354AED-6275-4048-AD59-FFF170DE7CB2}.Debug|x86.Build.0 = Debug|Gaming.Desktop.x64
		{01354AED-6275-4048-AD59-FFF170DE7CB2}.Profile|ARM.ActiveCfg = Profile|Gaming.Desktop.x64
		{01354AED-6275-4048-AD59-FFF170DE7CB2}.Profile|ARM.Build.0 = Profile|Gaming.Desktop.x64
		{01354AED-6275-4048-AD59-FFF170DE7CB2}.Profile|ARM64.ActiveCfg = Profile|Gaming.Desktop.x64
		{01354AED-6275-4048-AD59-FFF170DE7CB2}.Profile|ARM64.Build.0 = Profile|Gaming.Desktop.x64
		{01354AED-6275-4048-AD59-FFF170DE7CB2}.Profile|Gaming.Desktop.x64.ActiveCfg = Profile|Gaming.Desktop.x64
		{01354AED-6275-4048-AD59-FFF170DE7CB2}.Profile|Gaming.Desktop.x64.Build.0 = Profile|Gaming.Desktop.x64
		{01354AED-6275-4048-AD59-FFF170DE7CB2}.Profile|x64.ActiveCfg = Profile|Gaming.Desktop.x64
		{01354AED-6275-4048-AD59-FFF170DE7CB2}.Profile|x64.Build.0 = Profile|Gaming.Desktop.x64
		{01354AED-6275-4048-AD59-FFF170DE7CB2}.Profile|x86.ActiveCfg = Profile|Gaming.Desktop.x64
		{01354AED-6275-4048-AD59-FFF170DE7CB2}.Profile|x86.Build.0 = Profile|Gaming.Desktop.x64
		{01354AED-6275-4048-AD59-FFF170DE7CB2}.Release|ARM.ActiveCfg = Release|Gaming.Desktop.x64
		{01354AED-6275-4048-AD59-FFF170DE7CB2}.Release|ARM.Build.0 = Release|Gaming.Desktop.x64
		{01354AED-6275-4048-AD59-FFF170DE7CB2}.Release|ARM64.ActiveCfg = Release|Gaming.Desktop.x64
		{01354AED-6275-4048-AD59-FFF170DE7CB2}.Release|ARM64.Build.0 = Release|Gaming.Desktop.x64
		{01354AED-6275-4048-AD59-FFF170DE7CB2}.Release|Gaming.Desktop.x64.ActiveCfg = Release|Gaming.Desktop.x64
		{01354AED-6275-4048-AD59-FFF170DE7CB2}.Release|Gaming.Desktop.x64.Build.0 = Release|Gaming.Desktop.x64
		{01354AED-6275-4048-AD59-FFF170DE7CB2}.Release|x64.ActiveCfg = Release|Gaming.Desktop.x64
		{01354AED-6275-4048-AD59-FFF170DE7CB2}.Release|x64.Build.0 = Release|Gaming.Desktop.x64
		{01354AED-6275-4048-AD59-FFF170DE7CB2}.Release|x86.ActiveCfg = Release|Gaming.Desktop.x64
		{01354AED-6275-4048-AD59-FFF170DE7CB2}.Release|x86.Build.0 = Release|Gaming.Desktop.x64
	EndGlobalSection
	GlobalSection(SolutionProperties) = preSolution
		HideSolutionNode = FALSE
	EndGlobalSection
	GlobalSection(ExtensibilityGlobals) = postSolution
		SolutionGuid = {0B268730-F12C-44E9-9D2D-DA5A017509BB}
	EndGlobalSection
EndGlobal
