<?xml version="1.0" encoding="utf-8"?>
<Project ToolsVersion="15.0" xmlns="http://schemas.microsoft.com/developer/msbuild/2003">
  <ItemGroup>
    <Filter Include="Resource">
      <UniqueIdentifier>{90efda66-031d-40a9-a1e4-1be97ec961c7}</UniqueIdentifier>
    </Filter>
    <Filter Include="Source">
      <UniqueIdentifier>{ddfc66a0-5bd3-4e69-a374-3fe4da6f8741}</UniqueIdentifier>
    </Filter>
  </ItemGroup>
  <ItemGroup>
    <ClInclude Include="DeviceResources.h">
      <Filter>Source</Filter>
    </ClInclude>
    <ClInclude Include="StepTimer.h">
      <Filter>Source</Filter>
    </ClInclude>
    <ClInclude Include="d3dx12.h">
      <Filter>Source</Filter>
    </ClInclude>
    <ClInclude Include="Game.h">
      <Filter>Source</Filter>
    </ClInclude>
    <ClInclude Include="..\Source\BasicTypes.h">
      <Filter>Source</Filter>
    </ClInclude>
    <ClInclude Include="..\Source\GraphicsTypes.h">
      <Filter>Source</Filter>
    </ClInclude>
    <ClInclude Include="..\Source\GraphicsDX12.h">
      <Filter>Source</Filter>
    </ClInclude>
    <ClInclude Include="Headers.h">
      <Filter>Source</Filter>
    </ClInclude>
    <ClInclude Include="..\Source\Renderer.h">
      <Filter>Source</Filter>
    </ClInclude>
  </ItemGroup>
  <ItemGroup>
    <ClCompile Include="Main.cpp" />
    <ClCompile Include="DeviceResources.cpp">
      <Filter>Source</Filter>
    </ClCompile>
    <ClCompile Include="Game.cpp">
      <Filter>Source</Filter>
    </ClCompile>
    <ClCompile Include="..\Source\Settings.ixx">
      <Filter>Source</Filter>
    </ClCompile>
    <ClCompile Include="..\Source\Utils.cpp">
      <Filter>Source</Filter>
    </ClCompile>
    <ClCompile Include="..\Source\Utils.ixx">
      <Filter>Source</Filter>
    </ClCompile>
    <ClCompile Include="..\Source\Renderer.cpp">
      <Filter>Source</Filter>
    </ClCompile>
    <ClCompile Include="..\Source\GraphicsCore.ixx">
      <Filter>Source</Filter>
    </ClCompile>
    <ClCompile Include="..\Source\GraphicsDeviceDX12.cpp">
      <Filter>Source</Filter>
    </ClCompile>
    <ClCompile Include="..\Source\UtilsWin64.cpp">
      <Filter>Source</Filter>
    </ClCompile>
    <ClCompile Include="..\Source\Vector.ixx">
      <Filter>Source</Filter>
    </ClCompile>
  </ItemGroup>
  <ItemGroup>
    <MGCCompile Include="MicrosoftGameConfig.mgc" />
  </ItemGroup>
  <ItemGroup>
    <CopyFileToFolders Include="GraphicsLogo.png">
      <Filter>Resource</Filter>
    </CopyFileToFolders>
    <CopyFileToFolders Include="LargeLogo.png">
      <Filter>Resource</Filter>
    </CopyFileToFolders>
    <CopyFileToFolders Include="SmallLogo.png">
      <Filter>Resource</Filter>
    </CopyFileToFolders>
    <CopyFileToFolders Include="SplashScreen.png">
      <Filter>Resource</Filter>
    </CopyFileToFolders>
    <CopyFileToFolders Include="StoreLogo.png">
      <Filter>Resource</Filter>
    </CopyFileToFolders>
  </ItemGroup>
  <ItemGroup>
    <None Include="packages.config" />
  </ItemGroup>
</Project>